// !$*UTF8*$!
{
	archiveVersion = 1;
	classes = {
	};
	objectVersion = 55;
	objects = {

/* Begin PBXBuildFile section */
		CE31063F288EFD4B009878C7 /* HomePageController.swift in Sources */ = {isa = PBXBuildFile; fileRef = CE31063E288EFD4B009878C7 /* HomePageController.swift */; };
		CE310645288F0195009878C7 /* livescore.json in Resources */ = {isa = PBXBuildFile; fileRef = CE310644288F0195009878C7 /* livescore.json */; };
		CE3EA26D288EB65500484DCB /* EntryController.swift in Sources */ = {isa = PBXBuildFile; fileRef = CE3EA26C288EB65500484DCB /* EntryController.swift */; };
		CE3EA26F288EB69A00484DCB /* LoginController.swift in Sources */ = {isa = PBXBuildFile; fileRef = CE3EA26E288EB69A00484DCB /* LoginController.swift */; };
		CE3EA271288EB6A700484DCB /* RegisterController.swift in Sources */ = {isa = PBXBuildFile; fileRef = CE3EA270288EB6A700484DCB /* RegisterController.swift */; };
		CE3EA273288EBB2700484DCB /* Model.swift in Sources */ = {isa = PBXBuildFile; fileRef = CE3EA272288EBB2700484DCB /* Model.swift */; };
		CE46CCFD28941D1600C7F756 /* SearchTableCell.swift in Sources */ = {isa = PBXBuildFile; fileRef = CE46CCFC28941D1600C7F756 /* SearchTableCell.swift */; };
		CE662FE1288C1886007F2C16 /* AppDelegate.swift in Sources */ = {isa = PBXBuildFile; fileRef = CE662FE0288C1886007F2C16 /* AppDelegate.swift */; };
		CE662FE3288C1886007F2C16 /* SceneDelegate.swift in Sources */ = {isa = PBXBuildFile; fileRef = CE662FE2288C1886007F2C16 /* SceneDelegate.swift */; };
		CE662FE8288C1886007F2C16 /* Main.storyboard in Resources */ = {isa = PBXBuildFile; fileRef = CE662FE6288C1886007F2C16 /* Main.storyboard */; };
		CE662FEB288C1886007F2C16 /* LiveScoreApp.xcdatamodeld in Sources */ = {isa = PBXBuildFile; fileRef = CE662FE9288C1886007F2C16 /* LiveScoreApp.xcdatamodeld */; };
		CE662FED288C1888007F2C16 /* Assets.xcassets in Resources */ = {isa = PBXBuildFile; fileRef = CE662FEC288C1888007F2C16 /* Assets.xcassets */; };
		CE662FF0288C1888007F2C16 /* LaunchScreen.storyboard in Resources */ = {isa = PBXBuildFile; fileRef = CE662FEE288C1888007F2C16 /* LaunchScreen.storyboard */; };
		CE66EDA328A393E500A5FC2D /* FavouriteController.swift in Sources */ = {isa = PBXBuildFile; fileRef = CE66EDA228A393E500A5FC2D /* FavouriteController.swift */; };
		CEB0A4B6288FFD47008C11C8 /* CountryListController.swift in Sources */ = {isa = PBXBuildFile; fileRef = CEB0A4B5288FFD47008C11C8 /* CountryListController.swift */; };
		CEB0A4B828900C5B008C11C8 /* CountryListCell.swift in Sources */ = {isa = PBXBuildFile; fileRef = CEB0A4B728900C5B008C11C8 /* CountryListCell.swift */; };
		CEB0A4C0289014AC008C11C8 /* ClubsListCell.swift in Sources */ = {isa = PBXBuildFile; fileRef = CEB0A4BF289014AC008C11C8 /* ClubsListCell.swift */; };
		CEB0A4C22890172F008C11C8 /* Localizable.strings in Resources */ = {isa = PBXBuildFile; fileRef = CEB0A4C12890172F008C11C8 /* Localizable.strings */; };
		CEB0A4C428903FA4008C11C8 /* matches.json in Resources */ = {isa = PBXBuildFile; fileRef = CEB0A4C328903FA4008C11C8 /* matches.json */; };
		CEB0A4C8289045FF008C11C8 /* SearchController.swift in Sources */ = {isa = PBXBuildFile; fileRef = CEB0A4C7289045FF008C11C8 /* SearchController.swift */; };
		CEB0A4CA2890462C008C11C8 /* InfoController.swift in Sources */ = {isa = PBXBuildFile; fileRef = CEB0A4C92890462C008C11C8 /* InfoController.swift */; };
		CEB0A4CC28910EAE008C11C8 /* HomePageCell.swift in Sources */ = {isa = PBXBuildFile; fileRef = CEB0A4CB28910EAE008C11C8 /* HomePageCell.swift */; };
		CEB0A5502892ECBE008C11C8 /* LigController.swift in Sources */ = {isa = PBXBuildFile; fileRef = CEB0A54F2892ECBE008C11C8 /* LigController.swift */; };
		CEB0A5522892ECF6008C11C8 /* LigCell.swift in Sources */ = {isa = PBXBuildFile; fileRef = CEB0A5512892ECF5008C11C8 /* LigCell.swift */; };
		CEFFC5C0289C166A004581F7 /* Users.json in Resources */ = {isa = PBXBuildFile; fileRef = CEFFC5BF289C166A004581F7 /* Users.json */; };
		CEFFC5C2289C1C16004581F7 /* TabBarController.swift in Sources */ = {isa = PBXBuildFile; fileRef = CEFFC5C1289C1C16004581F7 /* TabBarController.swift */; };
/* End PBXBuildFile section */

/* Begin PBXFileReference section */
		CE31063E288EFD4B009878C7 /* HomePageController.swift */ = {isa = PBXFileReference; lastKnownFileType = sourcecode.swift; path = HomePageController.swift; sourceTree = "<group>"; };
		CE310644288F0195009878C7 /* livescore.json */ = {isa = PBXFileReference; lastKnownFileType = text.json; path = livescore.json; sourceTree = "<group>"; };
		CE3EA26C288EB65500484DCB /* EntryController.swift */ = {isa = PBXFileReference; lastKnownFileType = sourcecode.swift; path = EntryController.swift; sourceTree = "<group>"; };
		CE3EA26E288EB69A00484DCB /* LoginController.swift */ = {isa = PBXFileReference; lastKnownFileType = sourcecode.swift; path = LoginController.swift; sourceTree = "<group>"; };
		CE3EA270288EB6A700484DCB /* RegisterController.swift */ = {isa = PBXFileReference; lastKnownFileType = sourcecode.swift; path = RegisterController.swift; sourceTree = "<group>"; };
		CE3EA272288EBB2700484DCB /* Model.swift */ = {isa = PBXFileReference; lastKnownFileType = sourcecode.swift; path = Model.swift; sourceTree = "<group>"; };
		CE46CCFC28941D1600C7F756 /* SearchTableCell.swift */ = {isa = PBXFileReference; lastKnownFileType = sourcecode.swift; path = SearchTableCell.swift; sourceTree = "<group>"; };
		CE662FDD288C1886007F2C16 /* LiveScoreApp.app */ = {isa = PBXFileReference; explicitFileType = wrapper.application; includeInIndex = 0; path = LiveScoreApp.app; sourceTree = BUILT_PRODUCTS_DIR; };
		CE662FE0288C1886007F2C16 /* AppDelegate.swift */ = {isa = PBXFileReference; lastKnownFileType = sourcecode.swift; path = AppDelegate.swift; sourceTree = "<group>"; };
		CE662FE2288C1886007F2C16 /* SceneDelegate.swift */ = {isa = PBXFileReference; lastKnownFileType = sourcecode.swift; path = SceneDelegate.swift; sourceTree = "<group>"; };
		CE662FE7288C1886007F2C16 /* Base */ = {isa = PBXFileReference; lastKnownFileType = file.storyboard; name = Base; path = Base.lproj/Main.storyboard; sourceTree = "<group>"; };
		CE662FEA288C1886007F2C16 /* LiveScoreApp.xcdatamodel */ = {isa = PBXFileReference; lastKnownFileType = wrapper.xcdatamodel; path = LiveScoreApp.xcdatamodel; sourceTree = "<group>"; };
		CE662FEC288C1888007F2C16 /* Assets.xcassets */ = {isa = PBXFileReference; lastKnownFileType = folder.assetcatalog; path = Assets.xcassets; sourceTree = "<group>"; };
		CE662FEF288C1888007F2C16 /* Base */ = {isa = PBXFileReference; lastKnownFileType = file.storyboard; name = Base; path = Base.lproj/LaunchScreen.storyboard; sourceTree = "<group>"; };
		CE662FF1288C1888007F2C16 /* Info.plist */ = {isa = PBXFileReference; lastKnownFileType = text.plist.xml; path = Info.plist; sourceTree = "<group>"; };
		CE66EDA228A393E500A5FC2D /* FavouriteController.swift */ = {isa = PBXFileReference; lastKnownFileType = sourcecode.swift; path = FavouriteController.swift; sourceTree = "<group>"; };
		CEB0A4B5288FFD47008C11C8 /* CountryListController.swift */ = {isa = PBXFileReference; lastKnownFileType = sourcecode.swift; path = CountryListController.swift; sourceTree = "<group>"; };
		CEB0A4B728900C5B008C11C8 /* CountryListCell.swift */ = {isa = PBXFileReference; lastKnownFileType = sourcecode.swift; path = CountryListCell.swift; sourceTree = "<group>"; };
		CEB0A4BF289014AC008C11C8 /* ClubsListCell.swift */ = {isa = PBXFileReference; lastKnownFileType = sourcecode.swift; path = ClubsListCell.swift; sourceTree = "<group>"; };
		CEB0A4C12890172F008C11C8 /* Localizable.strings */ = {isa = PBXFileReference; lastKnownFileType = text.plist.strings; path = Localizable.strings; sourceTree = "<group>"; };
		CEB0A4C328903FA4008C11C8 /* matches.json */ = {isa = PBXFileReference; lastKnownFileType = text.json; path = matches.json; sourceTree = "<group>"; };
		CEB0A4C7289045FF008C11C8 /* SearchController.swift */ = {isa = PBXFileReference; lastKnownFileType = sourcecode.swift; path = SearchController.swift; sourceTree = "<group>"; };
		CEB0A4C92890462C008C11C8 /* InfoController.swift */ = {isa = PBXFileReference; lastKnownFileType = sourcecode.swift; path = InfoController.swift; sourceTree = "<group>"; };
		CEB0A4CB28910EAE008C11C8 /* HomePageCell.swift */ = {isa = PBXFileReference; lastKnownFileType = sourcecode.swift; path = HomePageCell.swift; sourceTree = "<group>"; };
		CEB0A54F2892ECBE008C11C8 /* LigController.swift */ = {isa = PBXFileReference; lastKnownFileType = sourcecode.swift; path = LigController.swift; sourceTree = "<group>"; };
		CEB0A5512892ECF5008C11C8 /* LigCell.swift */ = {isa = PBXFileReference; lastKnownFileType = sourcecode.swift; path = LigCell.swift; sourceTree = "<group>"; };
		CEFFC5BF289C166A004581F7 /* Users.json */ = {isa = PBXFileReference; lastKnownFileType = text.json; path = Users.json; sourceTree = "<group>"; };
		CEFFC5C1289C1C16004581F7 /* TabBarController.swift */ = {isa = PBXFileReference; lastKnownFileType = sourcecode.swift; path = TabBarController.swift; sourceTree = "<group>"; };
/* End PBXFileReference section */

/* Begin PBXFrameworksBuildPhase section */
		CE662FDA288C1885007F2C16 /* Frameworks */ = {
			isa = PBXFrameworksBuildPhase;
			buildActionMask = 2147483647;
			files = (
			);
			runOnlyForDeploymentPostprocessing = 0;
		};
/* End PBXFrameworksBuildPhase section */

/* Begin PBXGroup section */
		CE662FD4288C1885007F2C16 = {
			isa = PBXGroup;
			children = (
				CE662FDF288C1886007F2C16 /* LiveScoreApp */,
				CE662FDE288C1886007F2C16 /* Products */,
			);
			sourceTree = "<group>";
		};
		CE662FDE288C1886007F2C16 /* Products */ = {
			isa = PBXGroup;
			children = (
				CE662FDD288C1886007F2C16 /* LiveScoreApp.app */,
			);
			name = Products;
			sourceTree = "<group>";
		};
		CE662FDF288C1886007F2C16 /* LiveScoreApp */ = {
			isa = PBXGroup;
			children = (
				CE662FE0288C1886007F2C16 /* AppDelegate.swift */,
				CE662FE2288C1886007F2C16 /* SceneDelegate.swift */,
				CE8D228D2899717400379FFB /* cells */,
				CE8D228C2899714100379FFB /* controllers */,
				CE662FE6288C1886007F2C16 /* Main.storyboard */,
				CE662FEC288C1888007F2C16 /* Assets.xcassets */,
				CE662FEE288C1888007F2C16 /* LaunchScreen.storyboard */,
				CE662FF1288C1888007F2C16 /* Info.plist */,
				CE662FE9288C1886007F2C16 /* LiveScoreApp.xcdatamodeld */,
				CE3EA272288EBB2700484DCB /* Model.swift */,
				CEFFC5BF289C166A004581F7 /* Users.json */,
				CE310644288F0195009878C7 /* livescore.json */,
				CEB0A4C12890172F008C11C8 /* Localizable.strings */,
				CEB0A4C328903FA4008C11C8 /* matches.json */,
			);
			path = LiveScoreApp;
			sourceTree = "<group>";
		};
		CE8D228C2899714100379FFB /* controllers */ = {
			isa = PBXGroup;
			children = (
				CE3EA270288EB6A700484DCB /* RegisterController.swift */,
				CEB0A4B5288FFD47008C11C8 /* CountryListController.swift */,
				CE31063E288EFD4B009878C7 /* HomePageController.swift */,
				CEB0A4C7289045FF008C11C8 /* SearchController.swift */,
				CEB0A54F2892ECBE008C11C8 /* LigController.swift */,
				CEB0A4C92890462C008C11C8 /* InfoController.swift */,
				CE3EA26C288EB65500484DCB /* EntryController.swift */,
				CEFFC5C1289C1C16004581F7 /* TabBarController.swift */,
				CE3EA26E288EB69A00484DCB /* LoginController.swift */,
				CE66EDA228A393E500A5FC2D /* FavouriteController.swift */,
			);
			path = controllers;
			sourceTree = "<group>";
		};
		CE8D228D2899717400379FFB /* cells */ = {
			isa = PBXGroup;
			children = (
				CEB0A4CB28910EAE008C11C8 /* HomePageCell.swift */,
				CEB0A5512892ECF5008C11C8 /* LigCell.swift */,
				CE46CCFC28941D1600C7F756 /* SearchTableCell.swift */,
				CEB0A4BF289014AC008C11C8 /* ClubsListCell.swift */,
				CEB0A4B728900C5B008C11C8 /* CountryListCell.swift */,
			);
			path = cells;
			sourceTree = "<group>";
		};
/* End PBXGroup section */

/* Begin PBXNativeTarget section */
		CE662FDC288C1885007F2C16 /* LiveScoreApp */ = {
			isa = PBXNativeTarget;
			buildConfigurationList = CE662FF4288C1888007F2C16 /* Build configuration list for PBXNativeTarget "LiveScoreApp" */;
			buildPhases = (
				CE662FD9288C1885007F2C16 /* Sources */,
				CE662FDA288C1885007F2C16 /* Frameworks */,
				CE662FDB288C1885007F2C16 /* Resources */,
			);
			buildRules = (
			);
			dependencies = (
			);
			name = LiveScoreApp;
			productName = LiveScoreApp;
			productReference = CE662FDD288C1886007F2C16 /* LiveScoreApp.app */;
			productType = "com.apple.product-type.application";
		};
/* End PBXNativeTarget section */

/* Begin PBXProject section */
		CE662FD5288C1885007F2C16 /* Project object */ = {
			isa = PBXProject;
			attributes = {
				BuildIndependentTargetsInParallel = 1;
				LastSwiftUpdateCheck = 1340;
				LastUpgradeCheck = 1340;
				TargetAttributes = {
					CE662FDC288C1885007F2C16 = {
						CreatedOnToolsVersion = 13.4.1;
					};
				};
			};
			buildConfigurationList = CE662FD8288C1885007F2C16 /* Build configuration list for PBXProject "LiveScoreApp" */;
			compatibilityVersion = "Xcode 13.0";
			developmentRegion = en;
			hasScannedForEncodings = 0;
			knownRegions = (
				en,
				Base,
			);
			mainGroup = CE662FD4288C1885007F2C16;
			productRefGroup = CE662FDE288C1886007F2C16 /* Products */;
			projectDirPath = "";
			projectRoot = "";
			targets = (
				CE662FDC288C1885007F2C16 /* LiveScoreApp */,
			);
		};
/* End PBXProject section */

/* Begin PBXResourcesBuildPhase section */
		CE662FDB288C1885007F2C16 /* Resources */ = {
			isa = PBXResourcesBuildPhase;
			buildActionMask = 2147483647;
			files = (
				CEB0A4C22890172F008C11C8 /* Localizable.strings in Resources */,
				CEB0A4C428903FA4008C11C8 /* matches.json in Resources */,
				CE662FF0288C1888007F2C16 /* LaunchScreen.storyboard in Resources */,
				CE662FED288C1888007F2C16 /* Assets.xcassets in Resources */,
				CE310645288F0195009878C7 /* livescore.json in Resources */,
				CE662FE8288C1886007F2C16 /* Main.storyboard in Resources */,
				CEFFC5C0289C166A004581F7 /* Users.json in Resources */,
			);
			runOnlyForDeploymentPostprocessing = 0;
		};
/* End PBXResourcesBuildPhase section */

/* Begin PBXSourcesBuildPhase section */
		CE662FD9288C1885007F2C16 /* Sources */ = {
			isa = PBXSourcesBuildPhase;
			buildActionMask = 2147483647;
			files = (
				CE3EA273288EBB2700484DCB /* Model.swift in Sources */,
				CEB0A5502892ECBE008C11C8 /* LigController.swift in Sources */,
				CE662FE1288C1886007F2C16 /* AppDelegate.swift in Sources */,
				CEFFC5C2289C1C16004581F7 /* TabBarController.swift in Sources */,
				CEB0A4CC28910EAE008C11C8 /* HomePageCell.swift in Sources */,
				CEB0A5522892ECF6008C11C8 /* LigCell.swift in Sources */,
				CEB0A4C8289045FF008C11C8 /* SearchController.swift in Sources */,
				CE662FEB288C1886007F2C16 /* LiveScoreApp.xcdatamodeld in Sources */,
				CE3EA271288EB6A700484DCB /* RegisterController.swift in Sources */,
				CEB0A4C0289014AC008C11C8 /* ClubsListCell.swift in Sources */,
				CE3EA26D288EB65500484DCB /* EntryController.swift in Sources */,
				CE31063F288EFD4B009878C7 /* HomePageController.swift in Sources */,
				CEB0A4B828900C5B008C11C8 /* CountryListCell.swift in Sources */,
				CE662FE3288C1886007F2C16 /* SceneDelegate.swift in Sources */,
				CE66EDA328A393E500A5FC2D /* FavouriteController.swift in Sources */,
				CEB0A4B6288FFD47008C11C8 /* CountryListController.swift in Sources */,
				CE3EA26F288EB69A00484DCB /* LoginController.swift in Sources */,
				CEB0A4CA2890462C008C11C8 /* InfoController.swift in Sources */,
				CE46CCFD28941D1600C7F756 /* SearchTableCell.swift in Sources */,
			);
			runOnlyForDeploymentPostprocessing = 0;
		};
/* End PBXSourcesBuildPhase section */

/* Begin PBXVariantGroup section */
		CE662FE6288C1886007F2C16 /* Main.storyboard */ = {
			isa = PBXVariantGroup;
			children = (
				CE662FE7288C1886007F2C16 /* Base */,
			);
			name = Main.storyboard;
			sourceTree = "<group>";
		};
		CE662FEE288C1888007F2C16 /* LaunchScreen.storyboard */ = {
			isa = PBXVariantGroup;
			children = (
				CE662FEF288C1888007F2C16 /* Base */,
			);
			name = LaunchScreen.storyboard;
			sourceTree = "<group>";
		};
/* End PBXVariantGroup section */

/* Begin XCBuildConfiguration section */
		CE662FF2288C1888007F2C16 /* Debug */ = {
			isa = XCBuildConfiguration;
			buildSettings = {
				ALWAYS_SEARCH_USER_PATHS = NO;
				CLANG_ANALYZER_NONNULL = YES;
				CLANG_ANALYZER_NUMBER_OBJECT_CONVERSION = YES_AGGRESSIVE;
				CLANG_CXX_LANGUAGE_STANDARD = "gnu++17";
				CLANG_ENABLE_MODULES = YES;
				CLANG_ENABLE_OBJC_ARC = YES;
				CLANG_ENABLE_OBJC_WEAK = YES;
				CLANG_WARN_BLOCK_CAPTURE_AUTORELEASING = YES;
				CLANG_WARN_BOOL_CONVERSION = YES;
				CLANG_WARN_COMMA = YES;
				CLANG_WARN_CONSTANT_CONVERSION = YES;
				CLANG_WARN_DEPRECATED_OBJC_IMPLEMENTATIONS = YES;
				CLANG_WARN_DIRECT_OBJC_ISA_USAGE = YES_ERROR;
				CLANG_WARN_DOCUMENTATION_COMMENTS = YES;
				CLANG_WARN_EMPTY_BODY = YES;
				CLANG_WARN_ENUM_CONVERSION = YES;
				CLANG_WARN_INFINITE_RECURSION = YES;
				CLANG_WARN_INT_CONVERSION = YES;
				CLANG_WARN_NON_LITERAL_NULL_CONVERSION = YES;
				CLANG_WARN_OBJC_IMPLICIT_RETAIN_SELF = YES;
				CLANG_WARN_OBJC_LITERAL_CONVERSION = YES;
				CLANG_WARN_OBJC_ROOT_CLASS = YES_ERROR;
				CLANG_WARN_QUOTED_INCLUDE_IN_FRAMEWORK_HEADER = YES;
				CLANG_WARN_RANGE_LOOP_ANALYSIS = YES;
				CLANG_WARN_STRICT_PROTOTYPES = YES;
				CLANG_WARN_SUSPICIOUS_MOVE = YES;
				CLANG_WARN_UNGUARDED_AVAILABILITY = YES_AGGRESSIVE;
				CLANG_WARN_UNREACHABLE_CODE = YES;
				CLANG_WARN__DUPLICATE_METHOD_MATCH = YES;
				COPY_PHASE_STRIP = NO;
				DEBUG_INFORMATION_FORMAT = dwarf;
				ENABLE_STRICT_OBJC_MSGSEND = YES;
				ENABLE_TESTABILITY = YES;
				GCC_C_LANGUAGE_STANDARD = gnu11;
				GCC_DYNAMIC_NO_PIC = NO;
				GCC_NO_COMMON_BLOCKS = YES;
				GCC_OPTIMIZATION_LEVEL = 0;
				GCC_PREPROCESSOR_DEFINITIONS = (
					"DEBUG=1",
					"$(inherited)",
				);
				GCC_WARN_64_TO_32_BIT_CONVERSION = YES;
				GCC_WARN_ABOUT_RETURN_TYPE = YES_ERROR;
				GCC_WARN_UNDECLARED_SELECTOR = YES;
				GCC_WARN_UNINITIALIZED_AUTOS = YES_AGGRESSIVE;
				GCC_WARN_UNUSED_FUNCTION = YES;
				GCC_WARN_UNUSED_VARIABLE = YES;
				IPHONEOS_DEPLOYMENT_TARGET = 15.5;
				MTL_ENABLE_DEBUG_INFO = INCLUDE_SOURCE;
				MTL_FAST_MATH = YES;
				ONLY_ACTIVE_ARCH = YES;
				SDKROOT = iphoneos;
				SWIFT_ACTIVE_COMPILATION_CONDITIONS = DEBUG;
				SWIFT_OPTIMIZATION_LEVEL = "-Onone";
			};
			name = Debug;
		};
		CE662FF3288C1888007F2C16 /* Release */ = {
			isa = XCBuildConfiguration;
			buildSettings = {
				ALWAYS_SEARCH_USER_PATHS = NO;
				CLANG_ANALYZER_NONNULL = YES;
				CLANG_ANALYZER_NUMBER_OBJECT_CONVERSION = YES_AGGRESSIVE;
				CLANG_CXX_LANGUAGE_STANDARD = "gnu++17";
				CLANG_ENABLE_MODULES = YES;
				CLANG_ENABLE_OBJC_ARC = YES;
				CLANG_ENABLE_OBJC_WEAK = YES;
				CLANG_WARN_BLOCK_CAPTURE_AUTORELEASING = YES;
				CLANG_WARN_BOOL_CONVERSION = YES;
				CLANG_WARN_COMMA = YES;
				CLANG_WARN_CONSTANT_CONVERSION = YES;
				CLANG_WARN_DEPRECATED_OBJC_IMPLEMENTATIONS = YES;
				CLANG_WARN_DIRECT_OBJC_ISA_USAGE = YES_ERROR;
				CLANG_WARN_DOCUMENTATION_COMMENTS = YES;
				CLANG_WARN_EMPTY_BODY = YES;
				CLANG_WARN_ENUM_CONVERSION = YES;
				CLANG_WARN_INFINITE_RECURSION = YES;
				CLANG_WARN_INT_CONVERSION = YES;
				CLANG_WARN_NON_LITERAL_NULL_CONVERSION = YES;
				CLANG_WARN_OBJC_IMPLICIT_RETAIN_SELF = YES;
				CLANG_WARN_OBJC_LITERAL_CONVERSION = YES;
				CLANG_WARN_OBJC_ROOT_CLASS = YES_ERROR;
				CLANG_WARN_QUOTED_INCLUDE_IN_FRAMEWORK_HEADER = YES;
				CLANG_WARN_RANGE_LOOP_ANALYSIS = YES;
				CLANG_WARN_STRICT_PROTOTYPES = YES;
				CLANG_WARN_SUSPICIOUS_MOVE = YES;
				CLANG_WARN_UNGUARDED_AVAILABILITY = YES_AGGRESSIVE;
				CLANG_WARN_UNREACHABLE_CODE = YES;
				CLANG_WARN__DUPLICATE_METHOD_MATCH = YES;
				COPY_PHASE_STRIP = NO;
				DEBUG_INFORMATION_FORMAT = "dwarf-with-dsym";
				ENABLE_NS_ASSERTIONS = NO;
				ENABLE_STRICT_OBJC_MSGSEND = YES;
				GCC_C_LANGUAGE_STANDARD = gnu11;
				GCC_NO_COMMON_BLOCKS = YES;
				GCC_WARN_64_TO_32_BIT_CONVERSION = YES;
				GCC_WARN_ABOUT_RETURN_TYPE = YES_ERROR;
				GCC_WARN_UNDECLARED_SELECTOR = YES;
				GCC_WARN_UNINITIALIZED_AUTOS = YES_AGGRESSIVE;
				GCC_WARN_UNUSED_FUNCTION = YES;
				GCC_WARN_UNUSED_VARIABLE = YES;
				IPHONEOS_DEPLOYMENT_TARGET = 15.5;
				MTL_ENABLE_DEBUG_INFO = NO;
				MTL_FAST_MATH = YES;
				SDKROOT = iphoneos;
				SWIFT_COMPILATION_MODE = wholemodule;
				SWIFT_OPTIMIZATION_LEVEL = "-O";
				VALIDATE_PRODUCT = YES;
			};
			name = Release;
		};
		CE662FF5288C1888007F2C16 /* Debug */ = {
			isa = XCBuildConfiguration;
			buildSettings = {
				ASSETCATALOG_COMPILER_APPICON_NAME = AppIcon;
				ASSETCATALOG_COMPILER_GLOBAL_ACCENT_COLOR_NAME = AccentColor;
				CODE_SIGN_STYLE = Automatic;
				CURRENT_PROJECT_VERSION = 1;
				DEVELOPMENT_TEAM = M95DBH5FSP;
				GENERATE_INFOPLIST_FILE = YES;
				INFOPLIST_FILE = LiveScoreApp/Info.plist;
				INFOPLIST_KEY_UIApplicationSupportsIndirectInputEvents = YES;
				INFOPLIST_KEY_UILaunchStoryboardName = LaunchScreen;
				INFOPLIST_KEY_UIMainStoryboardFile = Main;
				INFOPLIST_KEY_UISupportedInterfaceOrientations_iPad = "UIInterfaceOrientationPortrait UIInterfaceOrientationPortraitUpsideDown UIInterfaceOrientationLandscapeLeft UIInterfaceOrientationLandscapeRight";
				INFOPLIST_KEY_UISupportedInterfaceOrientations_iPhone = "UIInterfaceOrientationPortrait UIInterfaceOrientationLandscapeLeft UIInterfaceOrientationLandscapeRight";
				LD_RUNPATH_SEARCH_PATHS = (
					"$(inherited)",
					"@executable_path/Frameworks",
				);
				MARKETING_VERSION = 1.0;
				PRODUCT_BUNDLE_IDENTIFIER = vasif.com.LiveScoreApp;
				PRODUCT_NAME = "$(TARGET_NAME)";
				SWIFT_EMIT_LOC_STRINGS = YES;
				SWIFT_VERSION = 5.0;
				TARGETED_DEVICE_FAMILY = "1,2";
			};
			name = Debug;
		};
		CE662FF6288C1888007F2C16 /* Release */ = {
			isa = XCBuildConfiguration;
			buildSettings = {
				ASSETCATALOG_COMPILER_APPICON_NAME = AppIcon;
				ASSETCATALOG_COMPILER_GLOBAL_ACCENT_COLOR_NAME = AccentColor;
				CODE_SIGN_STYLE = Automatic;
				CURRENT_PROJECT_VERSION = 1;
				DEVELOPMENT_TEAM = M95DBH5FSP;
				GENERATE_INFOPLIST_FILE = YES;
				INFOPLIST_FILE = LiveScoreApp/Info.plist;
				INFOPLIST_KEY_UIApplicationSupportsIndirectInputEvents = YES;
				INFOPLIST_KEY_UILaunchStoryboardName = LaunchScreen;
				INFOPLIST_KEY_UIMainStoryboardFile = Main;
				INFOPLIST_KEY_UISupportedInterfaceOrientations_iPad = "UIInterfaceOrientationPortrait UIInterfaceOrientationPortraitUpsideDown UIInterfaceOrientationLandscapeLeft UIInterfaceOrientationLandscapeRight";
				INFOPLIST_KEY_UISupportedInterfaceOrientations_iPhone = "UIInterfaceOrientationPortrait UIInterfaceOrientationLandscapeLeft UIInterfaceOrientationLandscapeRight";
				LD_RUNPATH_SEARCH_PATHS = (
					"$(inherited)",
					"@executable_path/Frameworks",
				);
				MARKETING_VERSION = 1.0;
				PRODUCT_BUNDLE_IDENTIFIER = vasif.com.LiveScoreApp;
				PRODUCT_NAME = "$(TARGET_NAME)";
				SWIFT_EMIT_LOC_STRINGS = YES;
				SWIFT_VERSION = 5.0;
				TARGETED_DEVICE_FAMILY = "1,2";
			};
			name = Release;
		};
/* End XCBuildConfiguration section */

/* Begin XCConfigurationList section */
		CE662FD8288C1885007F2C16 /* Build configuration list for PBXProject "LiveScoreApp" */ = {
			isa = XCConfigurationList;
			buildConfigurations = (
				CE662FF2288C1888007F2C16 /* Debug */,
				CE662FF3288C1888007F2C16 /* Release */,
			);
			defaultConfigurationIsVisible = 0;
			defaultConfigurationName = Release;
		};
		CE662FF4288C1888007F2C16 /* Build configuration list for PBXNativeTarget "LiveScoreApp" */ = {
			isa = XCConfigurationList;
			buildConfigurations = (
				CE662FF5288C1888007F2C16 /* Debug */,
				CE662FF6288C1888007F2C16 /* Release */,
			);
			defaultConfigurationIsVisible = 0;
			defaultConfigurationName = Release;
		};
/* End XCConfigurationList section */

/* Begin XCVersionGroup section */
		CE662FE9288C1886007F2C16 /* LiveScoreApp.xcdatamodeld */ = {
			isa = XCVersionGroup;
			children = (
				CE662FEA288C1886007F2C16 /* LiveScoreApp.xcdatamodel */,
			);
			currentVersion = CE662FEA288C1886007F2C16 /* LiveScoreApp.xcdatamodel */;
			path = LiveScoreApp.xcdatamodeld;
			sourceTree = "<group>";
			versionGroupType = wrapper.xcdatamodel;
		};
/* End XCVersionGroup section */
	};
	rootObject = CE662FD5288C1885007F2C16 /* Project object */;
}
